
Microsoft Visual Studio Solution File, Format Version 12.00
# Visual Studio Version 16
VisualStudioVersion = 16.0.30711.63
MinimumVisualStudioVersion = 10.0.40219.1
Project("{FAE04EC0-301F-11D3-BF4B-00C04F79EFBC}") = "zeus", "zeus.csproj", "{2635A747-610D-4853-AB82-C9C941262CD5}"
EndProject
Global
	GlobalSection(SolutionConfigurationPlatforms) = preSolution
		Debug|Any CPU = Debug|Any CPU
		Release|Any CPU = Release|Any CPU
	EndGlobalSection
	GlobalSection(ProjectConfigurationPlatforms) = postSolution
		{2635A747-610D-4853-AB82-C9C941262CD5}.Debug|Any CPU.ActiveCfg = Debug|Any CPU
		{2635A747-610D-4853-AB82-C9C941262CD5}.Debug|Any CPU.Build.0 = Debug|Any CPU
		{2635A747-610D-4853-AB82-C9C941262CD5}.Release|Any CPU.ActiveCfg = Release|Any CPU
		{2635A747-610D-4853-AB82-C9C941262CD5}.Release|Any CPU.Build.0 = Release|Any CPU
	EndGlobalSection
	GlobalSection(SolutionProperties) = preSolution
		HideSolutionNode = FALSE
	EndGlobalSection
	GlobalSection(ExtensibilityGlobals) = postSolution
		SolutionGuid = {F1919100-726F-40B8-B4D6-E19F097B4FD4}
	EndGlobalSection
EndGlobal
